
Microsoft Visual Studio Solution File, Format Version 12.00
# Visual Studio Version 17
VisualStudioVersion = 17.5.33516.290
MinimumVisualStudioVersion = 10.0.40219.1
Project("{FAE04EC0-301F-11D3-BF4B-00C04F79EFBC}") = "DatosBancarios", "DatosBancarios\DatosBancarios.csproj", "{BD1B4AC6-561E-4EFA-9BF3-A84957F00C90}"
EndProject
Global
	GlobalSection(SolutionConfigurationPlatforms) = preSolution
		Debug|Any CPU = Debug|Any CPU
		Release|Any CPU = Release|Any CPU
	EndGlobalSection
	GlobalSection(ProjectConfigurationPlatforms) = postSolution
		{BD1B4AC6-561E-4EFA-9BF3-A84957F00C90}.Debug|Any CPU.ActiveCfg = Debug|Any CPU
		{BD1B4AC6-561E-4EFA-9BF3-A84957F00C90}.Debug|Any CPU.Build.0 = Debug|Any CPU
		{BD1B4AC6-561E-4EFA-9BF3-A84957F00C90}.Release|Any CPU.ActiveCfg = Release|Any CPU
		{BD1B4AC6-561E-4EFA-9BF3-A84957F00C90}.Release|Any CPU.Build.0 = Release|Any CPU
	EndGlobalSection
	GlobalSection(SolutionProperties) = preSolution
		HideSolutionNode = FALSE
	EndGlobalSection
	GlobalSection(ExtensibilityGlobals) = postSolution
		SolutionGuid = {6C6BA4D2-13CE-4DB3-AA7C-A32AE5494370}
	EndGlobalSection
EndGlobal
